// !$*UTF8*$!
{
	archiveVersion = 1;
	classes = {
	};
	objectVersion = 48;
	objects = {

/* Begin PBXBuildFile section */
		2544AE5921125398001A0E34 /* AppDelegate.swift in Sources */ = {isa = PBXBuildFile; fileRef = 2544AE5821125398001A0E34 /* AppDelegate.swift */; };
		2544AE5B21125398001A0E34 /* ViewController.swift in Sources */ = {isa = PBXBuildFile; fileRef = 2544AE5A21125398001A0E34 /* ViewController.swift */; };
		2544AE5E21125398001A0E34 /* Main.storyboard in Resources */ = {isa = PBXBuildFile; fileRef = 2544AE5C21125398001A0E34 /* Main.storyboard */; };
		2544AE6121125398001A0E34 /* DemoAVPlayer.xcdatamodeld in Sources */ = {isa = PBXBuildFile; fileRef = 2544AE5F21125398001A0E34 /* DemoAVPlayer.xcdatamodeld */; };
		2544AE6321125398001A0E34 /* Assets.xcassets in Resources */ = {isa = PBXBuildFile; fileRef = 2544AE6221125398001A0E34 /* Assets.xcassets */; };
		2544AE6621125398001A0E34 /* LaunchScreen.storyboard in Resources */ = {isa = PBXBuildFile; fileRef = 2544AE6421125398001A0E34 /* LaunchScreen.storyboard */; };
		2544AE6E211253F5001A0E34 /* video.mp4 in Resources */ = {isa = PBXBuildFile; fileRef = 2544AE6D211253F5001A0E34 /* video.mp4 */; };
/* End PBXBuildFile section */

/* Begin PBXFileReference section */
		2544AE5521125398001A0E34 /* DemoAVPlayer.app */ = {isa = PBXFileReference; explicitFileType = wrapper.application; includeInIndex = 0; path = DemoAVPlayer.app; sourceTree = BUILT_PRODUCTS_DIR; };
		2544AE5821125398001A0E34 /* AppDelegate.swift */ = {isa = PBXFileReference; lastKnownFileType = sourcecode.swift; path = AppDelegate.swift; sourceTree = "<group>"; };
		2544AE5A21125398001A0E34 /* ViewController.swift */ = {isa = PBXFileReference; lastKnownFileType = sourcecode.swift; path = ViewController.swift; sourceTree = "<group>"; };
		2544AE5D21125398001A0E34 /* Base */ = {isa = PBXFileReference; lastKnownFileType = file.storyboard; name = Base; path = Base.lproj/Main.storyboard; sourceTree = "<group>"; };
		2544AE6021125398001A0E34 /* DemoAVPlayer.xcdatamodel */ = {isa = PBXFileReference; lastKnownFileType = wrapper.xcdatamodel; path = DemoAVPlayer.xcdatamodel; sourceTree = "<group>"; };
		2544AE6221125398001A0E34 /* Assets.xcassets */ = {isa = PBXFileReference; lastKnownFileType = folder.assetcatalog; path = Assets.xcassets; sourceTree = "<group>"; };
		2544AE6521125398001A0E34 /* Base */ = {isa = PBXFileReference; lastKnownFileType = file.storyboard; name = Base; path = Base.lproj/LaunchScreen.storyboard; sourceTree = "<group>"; };
		2544AE6721125398001A0E34 /* Info.plist */ = {isa = PBXFileReference; lastKnownFileType = text.plist.xml; path = Info.plist; sourceTree = "<group>"; };
		2544AE6D211253F5001A0E34 /* video.mp4 */ = {isa = PBXFileReference; lastKnownFileType = file; path = video.mp4; sourceTree = "<group>"; };
/* End PBXFileReference section */

/* Begin PBXFrameworksBuildPhase section */
		2544AE5221125398001A0E34 /* Frameworks */ = {
			isa = PBXFrameworksBuildPhase;
			buildActionMask = 2147483647;
			files = (
			);
			runOnlyForDeploymentPostprocessing = 0;
		};
/* End PBXFrameworksBuildPhase section */

/* Begin PBXGroup section */
		2544AE4C21125398001A0E34 = {
			isa = PBXGroup;
			children = (
				2544AE5721125398001A0E34 /* DemoAVPlayer */,
				2544AE5621125398001A0E34 /* Products */,
			);
			sourceTree = "<group>";
		};
		2544AE5621125398001A0E34 /* Products */ = {
			isa = PBXGroup;
			children = (
				2544AE5521125398001A0E34 /* DemoAVPlayer.app */,
			);
			name = Products;
			sourceTree = "<group>";
		};
		2544AE5721125398001A0E34 /* DemoAVPlayer */ = {
			isa = PBXGroup;
			children = (
				2544AE6D211253F5001A0E34 /* video.mp4 */,
				2544AE5821125398001A0E34 /* AppDelegate.swift */,
				2544AE5A21125398001A0E34 /* ViewController.swift */,
				2544AE5C21125398001A0E34 /* Main.storyboard */,
				2544AE6221125398001A0E34 /* Assets.xcassets */,
				2544AE6421125398001A0E34 /* LaunchScreen.storyboard */,
				2544AE6721125398001A0E34 /* Info.plist */,
				2544AE5F21125398001A0E34 /* DemoAVPlayer.xcdatamodeld */,
			);
			path = DemoAVPlayer;
			sourceTree = "<group>";
		};
/* End PBXGroup section */

/* Begin PBXNativeTarget section */
		2544AE5421125398001A0E34 /* DemoAVPlayer */ = {
			isa = PBXNativeTarget;
			buildConfigurationList = 2544AE6A21125398001A0E34 /* Build configuration list for PBXNativeTarget "DemoAVPlayer" */;
			buildPhases = (
				2544AE5121125398001A0E34 /* Sources */,
				2544AE5221125398001A0E34 /* Frameworks */,
				2544AE5321125398001A0E34 /* Resources */,
			);
			buildRules = (
			);
			dependencies = (
			);
			name = DemoAVPlayer;
			productName = DemoAVPlayer;
			productReference = 2544AE5521125398001A0E34 /* DemoAVPlayer.app */;
			productType = "com.apple.product-type.application";
		};
/* End PBXNativeTarget section */

/* Begin PBXProject section */
		2544AE4D21125398001A0E34 /* Project object */ = {
			isa = PBXProject;
			attributes = {
				LastSwiftUpdateCheck = 0920;
				LastUpgradeCheck = 0920;
				ORGANIZATIONNAME = Test;
				TargetAttributes = {
					2544AE5421125398001A0E34 = {
						CreatedOnToolsVersion = 9.2;
						ProvisioningStyle = Automatic;
					};
				};
			};
			buildConfigurationList = 2544AE5021125398001A0E34 /* Build configuration list for PBXProject "DemoAVPlayer" */;
			compatibilityVersion = "Xcode 8.0";
			developmentRegion = en;
			hasScannedForEncodings = 0;
			knownRegions = (
				en,
				Base,
			);
			mainGroup = 2544AE4C21125398001A0E34;
			productRefGroup = 2544AE5621125398001A0E34 /* Products */;
			projectDirPath = "";
			projectRoot = "";
			targets = (
				2544AE5421125398001A0E34 /* DemoAVPlayer */,
			);
		};
/* End PBXProject section */

/* Begin PBXResourcesBuildPhase section */
		2544AE5321125398001A0E34 /* Resources */ = {
			isa = PBXResourcesBuildPhase;
			buildActionMask = 2147483647;
			files = (
				2544AE6621125398001A0E34 /* LaunchScreen.storyboard in Resources */,
				2544AE6321125398001A0E34 /* Assets.xcassets in Resources */,
				2544AE5E21125398001A0E34 /* Main.storyboard in Resources */,
				2544AE6E211253F5001A0E34 /* video.mp4 in Resources */,
			);
			runOnlyForDeploymentPostprocessing = 0;
		};
/* End PBXResourcesBuildPhase section */

/* Begin PBXSourcesBuildPhase section */
		2544AE5121125398001A0E34 /* Sources */ = {
			isa = PBXSourcesBuildPhase;
			buildActionMask = 2147483647;
			files = (
				2544AE6121125398001A0E34 /* DemoAVPlayer.xcdatamodeld in Sources */,
				2544AE5B21125398001A0E34 /* ViewController.swift in Sources */,
				2544AE5921125398001A0E34 /* AppDelegate.swift in Sources */,
			);
			runOnlyForDeploymentPostprocessing = 0;
		};
/* End PBXSourcesBuildPhase section */

/* Begin PBXVariantGroup section */
		2544AE5C21125398001A0E34 /* Main.storyboard */ = {
			isa = PBXVariantGroup;
			children = (
				2544AE5D21125398001A0E34 /* Base */,
			);
			name = Main.storyboard;
			sourceTree = "<group>";
		};
		2544AE6421125398001A0E34 /* LaunchScreen.storyboard */ = {
			isa = PBXVariantGroup;
			children = (
				2544AE6521125398001A0E34 /* Base */,
			);
			name = LaunchScreen.storyboard;
			sourceTree = "<group>";
		};
/* End PBXVariantGroup section */

/* Begin XCBuildConfiguration section */
		2544AE6821125398001A0E34 /* Debug */ = {
			isa = XCBuildConfiguration;
			buildSettings = {
				ALWAYS_SEARCH_USER_PATHS = NO;
				CLANG_ANALYZER_NONNULL = YES;
				CLANG_ANALYZER_NUMBER_OBJECT_CONVERSION = YES_AGGRESSIVE;
				CLANG_CXX_LANGUAGE_STANDARD = "gnu++14";
				CLANG_CXX_LIBRARY = "libc++";
				CLANG_ENABLE_MODULES = YES;
				CLANG_ENABLE_OBJC_ARC = YES;
				CLANG_WARN_BLOCK_CAPTURE_AUTORELEASING = YES;
				CLANG_WARN_BOOL_CONVERSION = YES;
				CLANG_WARN_COMMA = YES;
				CLANG_WARN_CONSTANT_CONVERSION = YES;
				CLANG_WARN_DIRECT_OBJC_ISA_USAGE = YES_ERROR;
				CLANG_WARN_DOCUMENTATION_COMMENTS = YES;
				CLANG_WARN_EMPTY_BODY = YES;
				CLANG_WARN_ENUM_CONVERSION = YES;
				CLANG_WARN_INFINITE_RECURSION = YES;
				CLANG_WARN_INT_CONVERSION = YES;
				CLANG_WARN_NON_LITERAL_NULL_CONVERSION = YES;
				CLANG_WARN_OBJC_LITERAL_CONVERSION = YES;
				CLANG_WARN_OBJC_ROOT_CLASS = YES_ERROR;
				CLANG_WARN_RANGE_LOOP_ANALYSIS = YES;
				CLANG_WARN_STRICT_PROTOTYPES = YES;
				CLANG_WARN_SUSPICIOUS_MOVE = YES;
				CLANG_WARN_UNGUARDED_AVAILABILITY = YES_AGGRESSIVE;
				CLANG_WARN_UNREACHABLE_CODE = YES;
				CLANG_WARN__DUPLICATE_METHOD_MATCH = YES;
				CODE_SIGN_IDENTITY = "iPhone Developer";
				COPY_PHASE_STRIP = NO;
				DEBUG_INFORMATION_FORMAT = dwarf;
				ENABLE_STRICT_OBJC_MSGSEND = YES;
				ENABLE_TESTABILITY = YES;
				GCC_C_LANGUAGE_STANDARD = gnu11;
				GCC_DYNAMIC_NO_PIC = NO;
				GCC_NO_COMMON_BLOCKS = YES;
				GCC_OPTIMIZATION_LEVEL = 0;
				GCC_PREPROCESSOR_DEFINITIONS = (
					"DEBUG=1",
					"$(inherited)",
				);
				GCC_WARN_64_TO_32_BIT_CONVERSION = YES;
				GCC_WARN_ABOUT_RETURN_TYPE = YES_ERROR;
				GCC_WARN_UNDECLARED_SELECTOR = YES;
				GCC_WARN_UNINITIALIZED_AUTOS = YES_AGGRESSIVE;
				GCC_WARN_UNUSED_FUNCTION = YES;
				GCC_WARN_UNUSED_VARIABLE = YES;
				IPHONEOS_DEPLOYMENT_TARGET = 11.2;
				MTL_ENABLE_DEBUG_INFO = YES;
				ONLY_ACTIVE_ARCH = YES;
				SDKROOT = iphoneos;
				SWIFT_ACTIVE_COMPILATION_CONDITIONS = DEBUG;
				SWIFT_OPTIMIZATION_LEVEL = "-Onone";
			};
			name = Debug;
		};
		2544AE6921125398001A0E34 /* Release */ = {
			isa = XCBuildConfiguration;
			buildSettings = {
				ALWAYS_SEARCH_USER_PATHS = NO;
				CLANG_ANALYZER_NONNULL = YES;
				CLANG_ANALYZER_NUMBER_OBJECT_CONVERSION = YES_AGGRESSIVE;
				CLANG_CXX_LANGUAGE_STANDARD = "gnu++14";
				CLANG_CXX_LIBRARY = "libc++";
				CLANG_ENABLE_MODULES = YES;
				CLANG_ENABLE_OBJC_ARC = YES;
				CLANG_WARN_BLOCK_CAPTURE_AUTORELEASING = YES;
				CLANG_WARN_BOOL_CONVERSION = YES;
				CLANG_WARN_COMMA = YES;
				CLANG_WARN_CONSTANT_CONVERSION = YES;
				CLANG_WARN_DIRECT_OBJC_ISA_USAGE = YES_ERROR;
				CLANG_WARN_DOCUMENTATION_COMMENTS = YES;
				CLANG_WARN_EMPTY_BODY = YES;
				CLANG_WARN_ENUM_CONVERSION = YES;
				CLANG_WARN_INFINITE_RECURSION = YES;
				CLANG_WARN_INT_CONVERSION = YES;
				CLANG_WARN_NON_LITERAL_NULL_CONVERSION = YES;
				CLANG_WARN_OBJC_LITERAL_CONVERSION = YES;
				CLANG_WARN_OBJC_ROOT_CLASS = YES_ERROR;
				CLANG_WARN_RANGE_LOOP_ANALYSIS = YES;
				CLANG_WARN_STRICT_PROTOTYPES = YES;
				CLANG_WARN_SUSPICIOUS_MOVE = YES;
				CLANG_WARN_UNGUARDED_AVAILABILITY = YES_AGGRESSIVE;
				CLANG_WARN_UNREACHABLE_CODE = YES;
				CLANG_WARN__DUPLICATE_METHOD_MATCH = YES;
				CODE_SIGN_IDENTITY = "iPhone Developer";
				COPY_PHASE_STRIP = NO;
				DEBUG_INFORMATION_FORMAT = "dwarf-with-dsym";
				ENABLE_NS_ASSERTIONS = NO;
				ENABLE_STRICT_OBJC_MSGSEND = YES;
				GCC_C_LANGUAGE_STANDARD = gnu11;
				GCC_NO_COMMON_BLOCKS = YES;
				GCC_WARN_64_TO_32_BIT_CONVERSION = YES;
				GCC_WARN_ABOUT_RETURN_TYPE = YES_ERROR;
				GCC_WARN_UNDECLARED_SELECTOR = YES;
				GCC_WARN_UNINITIALIZED_AUTOS = YES_AGGRESSIVE;
				GCC_WARN_UNUSED_FUNCTION = YES;
				GCC_WARN_UNUSED_VARIABLE = YES;
				IPHONEOS_DEPLOYMENT_TARGET = 11.2;
				MTL_ENABLE_DEBUG_INFO = NO;
				SDKROOT = iphoneos;
				SWIFT_OPTIMIZATION_LEVEL = "-Owholemodule";
				VALIDATE_PRODUCT = YES;
			};
			name = Release;
		};
		2544AE6B21125398001A0E34 /* Debug */ = {
			isa = XCBuildConfiguration;
			buildSettings = {
				ASSETCATALOG_COMPILER_APPICON_NAME = AppIcon;
				CODE_SIGN_STYLE = Automatic;
				INFOPLIST_FILE = DemoAVPlayer/Info.plist;
				LD_RUNPATH_SEARCH_PATHS = "$(inherited) @executable_path/Frameworks";
				PRODUCT_BUNDLE_IDENTIFIER = test.DemoAVPlayer;
				PRODUCT_NAME = "$(TARGET_NAME)";
				SWIFT_VERSION = 4.0;
				TARGETED_DEVICE_FAMILY = "1,2";
			};
			name = Debug;
		};
		2544AE6C21125398001A0E34 /* Release */ = {
			isa = XCBuildConfiguration;
			buildSettings = {
				ASSETCATALOG_COMPILER_APPICON_NAME = AppIcon;
				CODE_SIGN_STYLE = Automatic;
				INFOPLIST_FILE = DemoAVPlayer/Info.plist;
				LD_RUNPATH_SEARCH_PATHS = "$(inherited) @executable_path/Frameworks";
				PRODUCT_BUNDLE_IDENTIFIER = test.DemoAVPlayer;
				PRODUCT_NAME = "$(TARGET_NAME)";
				SWIFT_VERSION = 4.0;
				TARGETED_DEVICE_FAMILY = "1,2";
			};
			name = Release;
		};
/* End XCBuildConfiguration section */

/* Begin XCConfigurationList section */
		2544AE5021125398001A0E34 /* Build configuration list for PBXProject "DemoAVPlayer" */ = {
			isa = XCConfigurationList;
			buildConfigurations = (
				2544AE6821125398001A0E34 /* Debug */,
				2544AE6921125398001A0E34 /* Release */,
			);
			defaultConfigurationIsVisible = 0;
			defaultConfigurationName = Release;
		};
		2544AE6A21125398001A0E34 /* Build configuration list for PBXNativeTarget "DemoAVPlayer" */ = {
			isa = XCConfigurationList;
			buildConfigurations = (
				2544AE6B21125398001A0E34 /* Debug */,
				2544AE6C21125398001A0E34 /* Release */,
			);
			defaultConfigurationIsVisible = 0;
			defaultConfigurationName = Release;
		};
/* End XCConfigurationList section */

/* Begin XCVersionGroup section */
		2544AE5F21125398001A0E34 /* DemoAVPlayer.xcdatamodeld */ = {
			isa = XCVersionGroup;
			children = (
				2544AE6021125398001A0E34 /* DemoAVPlayer.xcdatamodel */,
			);
			currentVersion = 2544AE6021125398001A0E34 /* DemoAVPlayer.xcdatamodel */;
			path = DemoAVPlayer.xcdatamodeld;
			sourceTree = "<group>";
			versionGroupType = wrapper.xcdatamodel;
		};
/* End XCVersionGroup section */
	};
	rootObject = 2544AE4D21125398001A0E34 /* Project object */;
}
